// !$*UTF8*$!
{
	archiveVersion = 1;
	classes = {
	};
	objectVersion = 50;
	objects = {

/* Begin PBXBuildFile section */
		D35CF2EB229EB97900F5BC92 /* AppDelegate.swift in Sources */ = {isa = PBXBuildFile; fileRef = D35CF2EA229EB97900F5BC92 /* AppDelegate.swift */; };
		D35CF2ED229EB97900F5BC92 /* ViewController.swift in Sources */ = {isa = PBXBuildFile; fileRef = D35CF2EC229EB97900F5BC92 /* ViewController.swift */; };
		D35CF2F0229EB97900F5BC92 /* Main.storyboard in Resources */ = {isa = PBXBuildFile; fileRef = D35CF2EE229EB97900F5BC92 /* Main.storyboard */; };
		D35CF2F2229EB97B00F5BC92 /* Assets.xcassets in Resources */ = {isa = PBXBuildFile; fileRef = D35CF2F1229EB97B00F5BC92 /* Assets.xcassets */; };
		D35CF2F5229EB97B00F5BC92 /* LaunchScreen.storyboard in Resources */ = {isa = PBXBuildFile; fileRef = D35CF2F3229EB97B00F5BC92 /* LaunchScreen.storyboard */; };
		D35CF2FD229EBA3500F5BC92 /* TodoItem.swift in Sources */ = {isa = PBXBuildFile; fileRef = D35CF2FC229EBA3500F5BC92 /* TodoItem.swift */; };
		D35CF2FF229EBA8600F5BC92 /* DataManager.swift in Sources */ = {isa = PBXBuildFile; fileRef = D35CF2FE229EBA8600F5BC92 /* DataManager.swift */; };
		D35CF301229EC64B00F5BC92 /* TodoTableViewController.swift in Sources */ = {isa = PBXBuildFile; fileRef = D35CF300229EC64B00F5BC92 /* TodoTableViewController.swift */; };
		D35CF303229EC65C00F5BC92 /* TodoTableViewCell.swift in Sources */ = {isa = PBXBuildFile; fileRef = D35CF302229EC65C00F5BC92 /* TodoTableViewCell.swift */; };
/* End PBXBuildFile section */

/* Begin PBXFileReference section */
		D35CF2E7229EB97900F5BC92 /* TodoList.app */ = {isa = PBXFileReference; explicitFileType = wrapper.application; includeInIndex = 0; path = TodoList.app; sourceTree = BUILT_PRODUCTS_DIR; };
		D35CF2EA229EB97900F5BC92 /* AppDelegate.swift */ = {isa = PBXFileReference; lastKnownFileType = sourcecode.swift; path = AppDelegate.swift; sourceTree = "<group>"; };
		D35CF2EC229EB97900F5BC92 /* ViewController.swift */ = {isa = PBXFileReference; lastKnownFileType = sourcecode.swift; path = ViewController.swift; sourceTree = "<group>"; };
		D35CF2EF229EB97900F5BC92 /* Base */ = {isa = PBXFileReference; lastKnownFileType = file.storyboard; name = Base; path = Base.lproj/Main.storyboard; sourceTree = "<group>"; };
		D35CF2F1229EB97B00F5BC92 /* Assets.xcassets */ = {isa = PBXFileReference; lastKnownFileType = folder.assetcatalog; path = Assets.xcassets; sourceTree = "<group>"; };
		D35CF2F4229EB97B00F5BC92 /* Base */ = {isa = PBXFileReference; lastKnownFileType = file.storyboard; name = Base; path = Base.lproj/LaunchScreen.storyboard; sourceTree = "<group>"; };
		D35CF2F6229EB97B00F5BC92 /* Info.plist */ = {isa = PBXFileReference; lastKnownFileType = text.plist.xml; path = Info.plist; sourceTree = "<group>"; };
		D35CF2FC229EBA3500F5BC92 /* TodoItem.swift */ = {isa = PBXFileReference; lastKnownFileType = sourcecode.swift; path = TodoItem.swift; sourceTree = "<group>"; };
		D35CF2FE229EBA8600F5BC92 /* DataManager.swift */ = {isa = PBXFileReference; lastKnownFileType = sourcecode.swift; path = DataManager.swift; sourceTree = "<group>"; };
		D35CF300229EC64B00F5BC92 /* TodoTableViewController.swift */ = {isa = PBXFileReference; lastKnownFileType = sourcecode.swift; path = TodoTableViewController.swift; sourceTree = "<group>"; };
		D35CF302229EC65C00F5BC92 /* TodoTableViewCell.swift */ = {isa = PBXFileReference; lastKnownFileType = sourcecode.swift; path = TodoTableViewCell.swift; sourceTree = "<group>"; };
/* End PBXFileReference section */

/* Begin PBXFrameworksBuildPhase section */
		D35CF2E4229EB97900F5BC92 /* Frameworks */ = {
			isa = PBXFrameworksBuildPhase;
			buildActionMask = 2147483647;
			files = (
			);
			runOnlyForDeploymentPostprocessing = 0;
		};
/* End PBXFrameworksBuildPhase section */

/* Begin PBXGroup section */
		D35CF2DE229EB97900F5BC92 = {
			isa = PBXGroup;
			children = (
				D35CF2E9229EB97900F5BC92 /* TodoList */,
				D35CF2E8229EB97900F5BC92 /* Products */,
			);
			sourceTree = "<group>";
		};
		D35CF2E8229EB97900F5BC92 /* Products */ = {
			isa = PBXGroup;
			children = (
				D35CF2E7229EB97900F5BC92 /* TodoList.app */,
			);
			name = Products;
			sourceTree = "<group>";
		};
		D35CF2E9229EB97900F5BC92 /* TodoList */ = {
			isa = PBXGroup;
			children = (
				D35CF2EA229EB97900F5BC92 /* AppDelegate.swift */,
				D35CF302229EC65C00F5BC92 /* TodoTableViewCell.swift */,
				D35CF300229EC64B00F5BC92 /* TodoTableViewController.swift */,
				D35CF2FE229EBA8600F5BC92 /* DataManager.swift */,
				D35CF2FC229EBA3500F5BC92 /* TodoItem.swift */,
				D35CF2EC229EB97900F5BC92 /* ViewController.swift */,
				D35CF2EE229EB97900F5BC92 /* Main.storyboard */,
				D35CF2F1229EB97B00F5BC92 /* Assets.xcassets */,
				D35CF2F3229EB97B00F5BC92 /* LaunchScreen.storyboard */,
				D35CF2F6229EB97B00F5BC92 /* Info.plist */,
			);
			path = TodoList;
			sourceTree = "<group>";
		};
/* End PBXGroup section */

/* Begin PBXNativeTarget section */
		D35CF2E6229EB97900F5BC92 /* TodoList */ = {
			isa = PBXNativeTarget;
			buildConfigurationList = D35CF2F9229EB97B00F5BC92 /* Build configuration list for PBXNativeTarget "TodoList" */;
			buildPhases = (
				D35CF2E3229EB97900F5BC92 /* Sources */,
				D35CF2E4229EB97900F5BC92 /* Frameworks */,
				D35CF2E5229EB97900F5BC92 /* Resources */,
			);
			buildRules = (
			);
			dependencies = (
			);
			name = TodoList;
			productName = TodoList;
			productReference = D35CF2E7229EB97900F5BC92 /* TodoList.app */;
			productType = "com.apple.product-type.application";
		};
/* End PBXNativeTarget section */

/* Begin PBXProject section */
		D35CF2DF229EB97900F5BC92 /* Project object */ = {
			isa = PBXProject;
			attributes = {
				LastSwiftUpdateCheck = 1000;
				LastUpgradeCheck = 1000;
				ORGANIZATIONNAME = YashShah;
				TargetAttributes = {
					D35CF2E6229EB97900F5BC92 = {
						CreatedOnToolsVersion = 10.0;
					};
				};
			};
			buildConfigurationList = D35CF2E2229EB97900F5BC92 /* Build configuration list for PBXProject "TodoList" */;
			compatibilityVersion = "Xcode 9.3";
			developmentRegion = en;
			hasScannedForEncodings = 0;
			knownRegions = (
				en,
				Base,
			);
			mainGroup = D35CF2DE229EB97900F5BC92;
			productRefGroup = D35CF2E8229EB97900F5BC92 /* Products */;
			projectDirPath = "";
			projectRoot = "";
			targets = (
				D35CF2E6229EB97900F5BC92 /* TodoList */,
			);
		};
/* End PBXProject section */

/* Begin PBXResourcesBuildPhase section */
		D35CF2E5229EB97900F5BC92 /* Resources */ = {
			isa = PBXResourcesBuildPhase;
			buildActionMask = 2147483647;
			files = (
				D35CF2F5229EB97B00F5BC92 /* LaunchScreen.storyboard in Resources */,
				D35CF2F2229EB97B00F5BC92 /* Assets.xcassets in Resources */,
				D35CF2F0229EB97900F5BC92 /* Main.storyboard in Resources */,
			);
			runOnlyForDeploymentPostprocessing = 0;
		};
/* End PBXResourcesBuildPhase section */

/* Begin PBXSourcesBuildPhase section */
		D35CF2E3229EB97900F5BC92 /* Sources */ = {
			isa = PBXSourcesBuildPhase;
			buildActionMask = 2147483647;
			files = (
				D35CF2ED229EB97900F5BC92 /* ViewController.swift in Sources */,
				D35CF301229EC64B00F5BC92 /* TodoTableViewController.swift in Sources */,
				D35CF2FF229EBA8600F5BC92 /* DataManager.swift in Sources */,
				D35CF303229EC65C00F5BC92 /* TodoTableViewCell.swift in Sources */,
				D35CF2FD229EBA3500F5BC92 /* TodoItem.swift in Sources */,
				D35CF2EB229EB97900F5BC92 /* AppDelegate.swift in Sources */,
			);
			runOnlyForDeploymentPostprocessing = 0;
		};
/* End PBXSourcesBuildPhase section */

/* Begin PBXVariantGroup section */
		D35CF2EE229EB97900F5BC92 /* Main.storyboard */ = {
			isa = PBXVariantGroup;
			children = (
				D35CF2EF229EB97900F5BC92 /* Base */,
			);
			name = Main.storyboard;
			sourceTree = "<group>";
		};
		D35CF2F3229EB97B00F5BC92 /* LaunchScreen.storyboard */ = {
			isa = PBXVariantGroup;
			children = (
				D35CF2F4229EB97B00F5BC92 /* Base */,
			);
			name = LaunchScreen.storyboard;
			sourceTree = "<group>";
		};
/* End PBXVariantGroup section */

/* Begin XCBuildConfiguration section */
		D35CF2F7229EB97B00F5BC92 /* Debug */ = {
			isa = XCBuildConfiguration;
			buildSettings = {
				ALWAYS_SEARCH_USER_PATHS = NO;
				CLANG_ANALYZER_NONNULL = YES;
				CLANG_ANALYZER_NUMBER_OBJECT_CONVERSION = YES_AGGRESSIVE;
				CLANG_CXX_LANGUAGE_STANDARD = "gnu++14";
				CLANG_CXX_LIBRARY = "libc++";
				CLANG_ENABLE_MODULES = YES;
				CLANG_ENABLE_OBJC_ARC = YES;
				CLANG_ENABLE_OBJC_WEAK = YES;
				CLANG_WARN_BLOCK_CAPTURE_AUTORELEASING = YES;
				CLANG_WARN_BOOL_CONVERSION = YES;
				CLANG_WARN_COMMA = YES;
				CLANG_WARN_CONSTANT_CONVERSION = YES;
				CLANG_WARN_DEPRECATED_OBJC_IMPLEMENTATIONS = YES;
				CLANG_WARN_DIRECT_OBJC_ISA_USAGE = YES_ERROR;
				CLANG_WARN_DOCUMENTATION_COMMENTS = YES;
				CLANG_WARN_EMPTY_BODY = YES;
				CLANG_WARN_ENUM_CONVERSION = YES;
				CLANG_WARN_INFINITE_RECURSION = YES;
				CLANG_WARN_INT_CONVERSION = YES;
				CLANG_WARN_NON_LITERAL_NULL_CONVERSION = YES;
				CLANG_WARN_OBJC_IMPLICIT_RETAIN_SELF = YES;
				CLANG_WARN_OBJC_LITERAL_CONVERSION = YES;
				CLANG_WARN_OBJC_ROOT_CLASS = YES_ERROR;
				CLANG_WARN_RANGE_LOOP_ANALYSIS = YES;
				CLANG_WARN_STRICT_PROTOTYPES = YES;
				CLANG_WARN_SUSPICIOUS_MOVE = YES;
				CLANG_WARN_UNGUARDED_AVAILABILITY = YES_AGGRESSIVE;
				CLANG_WARN_UNREACHABLE_CODE = YES;
				CLANG_WARN__DUPLICATE_METHOD_MATCH = YES;
				CODE_SIGN_IDENTITY = "iPhone Developer";
				COPY_PHASE_STRIP = NO;
				DEBUG_INFORMATION_FORMAT = dwarf;
				ENABLE_STRICT_OBJC_MSGSEND = YES;
				ENABLE_TESTABILITY = YES;
				GCC_C_LANGUAGE_STANDARD = gnu11;
				GCC_DYNAMIC_NO_PIC = NO;
				GCC_NO_COMMON_BLOCKS = YES;
				GCC_OPTIMIZATION_LEVEL = 0;
				GCC_PREPROCESSOR_DEFINITIONS = (
					"DEBUG=1",
					"$(inherited)",
				);
				GCC_WARN_64_TO_32_BIT_CONVERSION = YES;
				GCC_WARN_ABOUT_RETURN_TYPE = YES_ERROR;
				GCC_WARN_UNDECLARED_SELECTOR = YES;
				GCC_WARN_UNINITIALIZED_AUTOS = YES_AGGRESSIVE;
				GCC_WARN_UNUSED_FUNCTION = YES;
				GCC_WARN_UNUSED_VARIABLE = YES;
				IPHONEOS_DEPLOYMENT_TARGET = 12.0;
				MTL_ENABLE_DEBUG_INFO = INCLUDE_SOURCE;
				MTL_FAST_MATH = YES;
				ONLY_ACTIVE_ARCH = YES;
				SDKROOT = iphoneos;
				SWIFT_ACTIVE_COMPILATION_CONDITIONS = DEBUG;
				SWIFT_OPTIMIZATION_LEVEL = "-Onone";
			};
			name = Debug;
		};
		D35CF2F8229EB97B00F5BC92 /* Release */ = {
			isa = XCBuildConfiguration;
			buildSettings = {
				ALWAYS_SEARCH_USER_PATHS = NO;
				CLANG_ANALYZER_NONNULL = YES;
				CLANG_ANALYZER_NUMBER_OBJECT_CONVERSION = YES_AGGRESSIVE;
				CLANG_CXX_LANGUAGE_STANDARD = "gnu++14";
				CLANG_CXX_LIBRARY = "libc++";
				CLANG_ENABLE_MODULES = YES;
				CLANG_ENABLE_OBJC_ARC = YES;
				CLANG_ENABLE_OBJC_WEAK = YES;
				CLANG_WARN_BLOCK_CAPTURE_AUTORELEASING = YES;
				CLANG_WARN_BOOL_CONVERSION = YES;
				CLANG_WARN_COMMA = YES;
				CLANG_WARN_CONSTANT_CONVERSION = YES;
				CLANG_WARN_DEPRECATED_OBJC_IMPLEMENTATIONS = YES;
				CLANG_WARN_DIRECT_OBJC_ISA_USAGE = YES_ERROR;
				CLANG_WARN_DOCUMENTATION_COMMENTS = YES;
				CLANG_WARN_EMPTY_BODY = YES;
				CLANG_WARN_ENUM_CONVERSION = YES;
				CLANG_WARN_INFINITE_RECURSION = YES;
				CLANG_WARN_INT_CONVERSION = YES;
				CLANG_WARN_NON_LITERAL_NULL_CONVERSION = YES;
				CLANG_WARN_OBJC_IMPLICIT_RETAIN_SELF = YES;
				CLANG_WARN_OBJC_LITERAL_CONVERSION = YES;
				CLANG_WARN_OBJC_ROOT_CLASS = YES_ERROR;
				CLANG_WARN_RANGE_LOOP_ANALYSIS = YES;
				CLANG_WARN_STRICT_PROTOTYPES = YES;
				CLANG_WARN_SUSPICIOUS_MOVE = YES;
				CLANG_WARN_UNGUARDED_AVAILABILITY = YES_AGGRESSIVE;
				CLANG_WARN_UNREACHABLE_CODE = YES;
				CLANG_WARN__DUPLICATE_METHOD_MATCH = YES;
				CODE_SIGN_IDENTITY = "iPhone Developer";
				COPY_PHASE_STRIP = NO;
				DEBUG_INFORMATION_FORMAT = "dwarf-with-dsym";
				ENABLE_NS_ASSERTIONS = NO;
				ENABLE_STRICT_OBJC_MSGSEND = YES;
				GCC_C_LANGUAGE_STANDARD = gnu11;
				GCC_NO_COMMON_BLOCKS = YES;
				GCC_WARN_64_TO_32_BIT_CONVERSION = YES;
				GCC_WARN_ABOUT_RETURN_TYPE = YES_ERROR;
				GCC_WARN_UNDECLARED_SELECTOR = YES;
				GCC_WARN_UNINITIALIZED_AUTOS = YES_AGGRESSIVE;
				GCC_WARN_UNUSED_FUNCTION = YES;
				GCC_WARN_UNUSED_VARIABLE = YES;
				IPHONEOS_DEPLOYMENT_TARGET = 12.0;
				MTL_ENABLE_DEBUG_INFO = NO;
				MTL_FAST_MATH = YES;
				SDKROOT = iphoneos;
				SWIFT_COMPILATION_MODE = wholemodule;
				SWIFT_OPTIMIZATION_LEVEL = "-O";
				VALIDATE_PRODUCT = YES;
			};
			name = Release;
		};
		D35CF2FA229EB97B00F5BC92 /* Debug */ = {
			isa = XCBuildConfiguration;
			buildSettings = {
				ASSETCATALOG_COMPILER_APPICON_NAME = AppIcon;
				CODE_SIGN_STYLE = Automatic;
				INFOPLIST_FILE = TodoList/Info.plist;
				LD_RUNPATH_SEARCH_PATHS = (
					"$(inherited)",
					"@executable_path/Frameworks",
				);
				PRODUCT_BUNDLE_IDENTIFIER = io.team.app.TodoList;
				PRODUCT_NAME = "$(TARGET_NAME)";
				SWIFT_VERSION = 4.2;
				TARGETED_DEVICE_FAMILY = "1,2";
			};
			name = Debug;
		};
		D35CF2FB229EB97B00F5BC92 /* Release */ = {
			isa = XCBuildConfiguration;
			buildSettings = {
				ASSETCATALOG_COMPILER_APPICON_NAME = AppIcon;
				CODE_SIGN_STYLE = Automatic;
				INFOPLIST_FILE = TodoList/Info.plist;
				LD_RUNPATH_SEARCH_PATHS = (
					"$(inherited)",
					"@executable_path/Frameworks",
				);
				PRODUCT_BUNDLE_IDENTIFIER = io.team.app.TodoList;
				PRODUCT_NAME = "$(TARGET_NAME)";
				SWIFT_VERSION = 4.2;
				TARGETED_DEVICE_FAMILY = "1,2";
			};
			name = Release;
		};
/* End XCBuildConfiguration section */

/* Begin XCConfigurationList section */
		D35CF2E2229EB97900F5BC92 /* Build configuration list for PBXProject "TodoList" */ = {
			isa = XCConfigurationList;
			buildConfigurations = (
				D35CF2F7229EB97B00F5BC92 /* Debug */,
				D35CF2F8229EB97B00F5BC92 /* Release */,
			);
			defaultConfigurationIsVisible = 0;
			defaultConfigurationName = Release;
		};
		D35CF2F9229EB97B00F5BC92 /* Build configuration list for PBXNativeTarget "TodoList" */ = {
			isa = XCConfigurationList;
			buildConfigurations = (
				D35CF2FA229EB97B00F5BC92 /* Debug */,
				D35CF2FB229EB97B00F5BC92 /* Release */,
			);
			defaultConfigurationIsVisible = 0;
			defaultConfigurationName = Release;
		};
/* End XCConfigurationList section */
	};
	rootObject = D35CF2DF229EB97900F5BC92 /* Project object */;
}
